
Microsoft Visual Studio Solution File, Format Version 12.00
# Visual Studio Version 17
VisualStudioVersion = 17.5.002.0
MinimumVisualStudioVersion = 10.0.40219.1
Project("{9A19103F-16F7-4668-BE54-9A1E7A4F7556}") = "SkyPC_AutoMusic", "SkyPC_AutoMusic.csproj", "{2500E5FA-6796-4CD0-B814-11BDC506F3DB}"
EndProject
Global
	GlobalSection(SolutionConfigurationPlatforms) = preSolution
		Debug|Any CPU = Debug|Any CPU
		Release|Any CPU = Release|Any CPU
	EndGlobalSection
	GlobalSection(ProjectConfigurationPlatforms) = postSolution
		{2500E5FA-6796-4CD0-B814-11BDC506F3DB}.Debug|Any CPU.ActiveCfg = Debug|Any CPU
		{2500E5FA-6796-4CD0-B814-11BDC506F3DB}.Debug|Any CPU.Build.0 = Debug|Any CPU
		{2500E5FA-6796-4CD0-B814-11BDC506F3DB}.Release|Any CPU.ActiveCfg = Release|Any CPU
		{2500E5FA-6796-4CD0-B814-11BDC506F3DB}.Release|Any CPU.Build.0 = Release|Any CPU
	EndGlobalSection
	GlobalSection(SolutionProperties) = preSolution
		HideSolutionNode = FALSE
	EndGlobalSection
	GlobalSection(ExtensibilityGlobals) = postSolution
		SolutionGuid = {FF77A1F9-97B2-46A9-8720-6DCC24F1F0BD}
	EndGlobalSection
EndGlobal
